
Microsoft Visual Studio Solution File, Format Version 12.00
# Visual Studio Version 16
VisualStudioVersion = 16.6.30114.105
MinimumVisualStudioVersion = 10.0.40219.1
Project("{9A19103F-16F7-4668-BE54-9A1E7A4F7556}") = "Singulink.Reflection.ObjectFactory", "Singulink.Reflection.ObjectFactory\Singulink.Reflection.ObjectFactory.csproj", "{621E0340-BD6F-4480-8891-68F4512090A2}"
EndProject
Project("{2150E333-8FDC-42A3-9474-1A3956D46DE8}") = "Solution Items", "Solution Items", "{516E91C2-F332-4D76-8685-AE817B67A489}"
	ProjectSection(SolutionItems) = preProject
		.editorconfig = .editorconfig
		Directory.Build.props = Directory.Build.props
	EndProjectSection
EndProject
Project("{2150E333-8FDC-42A3-9474-1A3956D46DE8}") = "Tests", "Tests", "{9C3F4D3B-D1A5-41F8-B075-D1FDBCD6F3FE}"
EndProject
Project("{FAE04EC0-301F-11D3-BF4B-00C04F79EFBC}") = "Singulink.Reflection.ObjectFactory.Tests", "Singulink.Reflection.ObjectFactory.Tests\Singulink.Reflection.ObjectFactory.Tests.csproj", "{BB7771F0-3363-4577-8CD4-4888F49E718A}"
EndProject
Global
	GlobalSection(SolutionConfigurationPlatforms) = preSolution
		Debug|Any CPU = Debug|Any CPU
		Debug|x64 = Debug|x64
		Debug|x86 = Debug|x86
		Release|Any CPU = Release|Any CPU
		Release|x64 = Release|x64
		Release|x86 = Release|x86
	EndGlobalSection
	GlobalSection(ProjectConfigurationPlatforms) = postSolution
		{621E0340-BD6F-4480-8891-68F4512090A2}.Debug|Any CPU.ActiveCfg = Debug|Any CPU
		{621E0340-BD6F-4480-8891-68F4512090A2}.Debug|Any CPU.Build.0 = Debug|Any CPU
		{621E0340-BD6F-4480-8891-68F4512090A2}.Debug|x64.ActiveCfg = Debug|Any CPU
		{621E0340-BD6F-4480-8891-68F4512090A2}.Debug|x64.Build.0 = Debug|Any CPU
		{621E0340-BD6F-4480-8891-68F4512090A2}.Debug|x86.ActiveCfg = Debug|Any CPU
		{621E0340-BD6F-4480-8891-68F4512090A2}.Debug|x86.Build.0 = Debug|Any CPU
		{621E0340-BD6F-4480-8891-68F4512090A2}.Release|Any CPU.ActiveCfg = Release|Any CPU
		{621E0340-BD6F-4480-8891-68F4512090A2}.Release|Any CPU.Build.0 = Release|Any CPU
		{621E0340-BD6F-4480-8891-68F4512090A2}.Release|x64.ActiveCfg = Release|Any CPU
		{621E0340-BD6F-4480-8891-68F4512090A2}.Release|x64.Build.0 = Release|Any CPU
		{621E0340-BD6F-4480-8891-68F4512090A2}.Release|x86.ActiveCfg = Release|Any CPU
		{621E0340-BD6F-4480-8891-68F4512090A2}.Release|x86.Build.0 = Release|Any CPU
		{BB7771F0-3363-4577-8CD4-4888F49E718A}.Debug|Any CPU.ActiveCfg = Debug|Any CPU
		{BB7771F0-3363-4577-8CD4-4888F49E718A}.Debug|Any CPU.Build.0 = Debug|Any CPU
		{BB7771F0-3363-4577-8CD4-4888F49E718A}.Debug|x64.ActiveCfg = Debug|Any CPU
		{BB7771F0-3363-4577-8CD4-4888F49E718A}.Debug|x64.Build.0 = Debug|Any CPU
		{BB7771F0-3363-4577-8CD4-4888F49E718A}.Debug|x86.ActiveCfg = Debug|Any CPU
		{BB7771F0-3363-4577-8CD4-4888F49E718A}.Debug|x86.Build.0 = Debug|Any CPU
		{BB7771F0-3363-4577-8CD4-4888F49E718A}.Release|Any CPU.ActiveCfg = Release|Any CPU
		{BB7771F0-3363-4577-8CD4-4888F49E718A}.Release|Any CPU.Build.0 = Release|Any CPU
		{BB7771F0-3363-4577-8CD4-4888F49E718A}.Release|x64.ActiveCfg = Release|Any CPU
		{BB7771F0-3363-4577-8CD4-4888F49E718A}.Release|x64.Build.0 = Release|Any CPU
		{BB7771F0-3363-4577-8CD4-4888F49E718A}.Release|x86.ActiveCfg = Release|Any CPU
		{BB7771F0-3363-4577-8CD4-4888F49E718A}.Release|x86.Build.0 = Release|Any CPU
	EndGlobalSection
	GlobalSection(SolutionProperties) = preSolution
		HideSolutionNode = FALSE
	EndGlobalSection
	GlobalSection(NestedProjects) = preSolution
		{BB7771F0-3363-4577-8CD4-4888F49E718A} = {9C3F4D3B-D1A5-41F8-B075-D1FDBCD6F3FE}
	EndGlobalSection
	GlobalSection(ExtensibilityGlobals) = postSolution
		SolutionGuid = {E810641E-490D-4C46-B818-05420A6E7329}
	EndGlobalSection
EndGlobal
